// !$*UTF8*$!
{
	archiveVersion = 1;
	classes = {
	};
	objectVersion = 56;
	objects = {

/* Begin PBXBuildFile section */
		AA5C7DF32AF0553600EE4965 /* AppDelegate.swift in Sources */ = {isa = PBXBuildFile; fileRef = AA5C7DF22AF0553600EE4965 /* AppDelegate.swift */; };
		AA5C7DF52AF0553600EE4965 /* SceneDelegate.swift in Sources */ = {isa = PBXBuildFile; fileRef = AA5C7DF42AF0553600EE4965 /* SceneDelegate.swift */; };
		AA5C7DF72AF0553600EE4965 /* ViewController.swift in Sources */ = {isa = PBXBuildFile; fileRef = AA5C7DF62AF0553600EE4965 /* ViewController.swift */; };
		AA5C7DFA2AF0553600EE4965 /* Main.storyboard in Resources */ = {isa = PBXBuildFile; fileRef = AA5C7DF82AF0553600EE4965 /* Main.storyboard */; };
		AA5C7DFC2AF0553A00EE4965 /* Assets.xcassets in Resources */ = {isa = PBXBuildFile; fileRef = AA5C7DFB2AF0553A00EE4965 /* Assets.xcassets */; };
		AA5C7DFF2AF0553A00EE4965 /* LaunchScreen.storyboard in Resources */ = {isa = PBXBuildFile; fileRef = AA5C7DFD2AF0553A00EE4965 /* LaunchScreen.storyboard */; };
		AA5C7E102AF0574000EE4965 /* Card_prices.swift in Sources */ = {isa = PBXBuildFile; fileRef = AA5C7E0C2AF0574000EE4965 /* Card_prices.swift */; };
		AA5C7E112AF0574000EE4965 /* Card_sets.swift in Sources */ = {isa = PBXBuildFile; fileRef = AA5C7E0D2AF0574000EE4965 /* Card_sets.swift */; };
		AA5C7E122AF0574000EE4965 /* Card_images.swift in Sources */ = {isa = PBXBuildFile; fileRef = AA5C7E0E2AF0574000EE4965 /* Card_images.swift */; };
		AA5C7E142AF0575C00EE4965 /* CardResponse.swift in Sources */ = {isa = PBXBuildFile; fileRef = AA5C7E132AF0575C00EE4965 /* CardResponse.swift */; };
		AA5C7E182AF058F200EE4965 /* CardsListViewController.swift in Sources */ = {isa = PBXBuildFile; fileRef = AA5C7E162AF058F200EE4965 /* CardsListViewController.swift */; };
		AA5C7E192AF058F200EE4965 /* CardsListViewController.xib in Resources */ = {isa = PBXBuildFile; fileRef = AA5C7E172AF058F200EE4965 /* CardsListViewController.xib */; };
		AA5C7E1B2AF0592100EE4965 /* ExtensionCardsList.swift in Sources */ = {isa = PBXBuildFile; fileRef = AA5C7E1A2AF0592100EE4965 /* ExtensionCardsList.swift */; };
		AA5C7E1F2AF0595D00EE4965 /* DetailCardViewController.swift in Sources */ = {isa = PBXBuildFile; fileRef = AA5C7E1D2AF0595D00EE4965 /* DetailCardViewController.swift */; };
		AA5C7E202AF0595D00EE4965 /* DetailCardViewController.xib in Resources */ = {isa = PBXBuildFile; fileRef = AA5C7E1E2AF0595D00EE4965 /* DetailCardViewController.xib */; };
		AA5C7E232AF05B4600EE4965 /* TabBarViewController.swift in Sources */ = {isa = PBXBuildFile; fileRef = AA5C7E222AF05B4600EE4965 /* TabBarViewController.swift */; };
		AA5C7E272AF0796700EE4965 /* CardListTableViewCell.swift in Sources */ = {isa = PBXBuildFile; fileRef = AA5C7E252AF0796700EE4965 /* CardListTableViewCell.swift */; };
		AA5C7E282AF0796700EE4965 /* CardListTableViewCell.xib in Resources */ = {isa = PBXBuildFile; fileRef = AA5C7E262AF0796700EE4965 /* CardListTableViewCell.xib */; };
		AA5C7E2A2AF07B1300EE4965 /* Extensiones.swift in Sources */ = {isa = PBXBuildFile; fileRef = AA5C7E292AF07B1300EE4965 /* Extensiones.swift */; };
		AA5C7E2C2AF083DA00EE4965 /* Cards_WS.swift in Sources */ = {isa = PBXBuildFile; fileRef = AA5C7E2B2AF083DA00EE4965 /* Cards_WS.swift */; };
		AA7B594A2B057C680089C139 /* CartasMounstroEfectoViewController.swift in Sources */ = {isa = PBXBuildFile; fileRef = AA7B59482B057C680089C139 /* CartasMounstroEfectoViewController.swift */; };
		AA7B594B2B057C680089C139 /* CartasMounstroEfectoViewController.xib in Resources */ = {isa = PBXBuildFile; fileRef = AA7B59492B057C680089C139 /* CartasMounstroEfectoViewController.xib */; };
		AA7B594D2B057C7A0089C139 /* ExtensionMounstroEfecto.swift in Sources */ = {isa = PBXBuildFile; fileRef = AA7B594C2B057C7A0089C139 /* ExtensionMounstroEfecto.swift */; };
		AA7B59512B057E490089C139 /* CartasMounstroEfectoTableViewCell.swift in Sources */ = {isa = PBXBuildFile; fileRef = AA7B594F2B057E490089C139 /* CartasMounstroEfectoTableViewCell.swift */; };
		AA7B59522B057E490089C139 /* CartasMounstroEfectoTableViewCell.xib in Resources */ = {isa = PBXBuildFile; fileRef = AA7B59502B057E490089C139 /* CartasMounstroEfectoTableViewCell.xib */; };
		AA7BA3FE2B06BA9400DE4A5C /* CartasRitualViewController.swift in Sources */ = {isa = PBXBuildFile; fileRef = AA7BA3FC2B06BA9400DE4A5C /* CartasRitualViewController.swift */; };
		AA7BA3FF2B06BA9400DE4A5C /* CartasRitualViewController.xib in Resources */ = {isa = PBXBuildFile; fileRef = AA7BA3FD2B06BA9400DE4A5C /* CartasRitualViewController.xib */; };
		AA7BA4012B06BAB200DE4A5C /* ExtensionCartasRitual.swift in Sources */ = {isa = PBXBuildFile; fileRef = AA7BA4002B06BAB200DE4A5C /* ExtensionCartasRitual.swift */; };
		AA7BA4042B06BAD300DE4A5C /* CartasLinkViewController.swift in Sources */ = {isa = PBXBuildFile; fileRef = AA7BA4022B06BAD300DE4A5C /* CartasLinkViewController.swift */; };
		AA7BA4052B06BAD300DE4A5C /* CartasLinkViewController.xib in Resources */ = {isa = PBXBuildFile; fileRef = AA7BA4032B06BAD300DE4A5C /* CartasLinkViewController.xib */; };
		AA7BA4072B06BAE700DE4A5C /* ExtensionCartasLink.swift in Sources */ = {isa = PBXBuildFile; fileRef = AA7BA4062B06BAE700DE4A5C /* ExtensionCartasLink.swift */; };
		AA7BA40A2B06BAFF00DE4A5C /* CartasTokenViewController.swift in Sources */ = {isa = PBXBuildFile; fileRef = AA7BA4082B06BAFF00DE4A5C /* CartasTokenViewController.swift */; };
		AA7BA40B2B06BAFF00DE4A5C /* CartasTokenViewController.xib in Resources */ = {isa = PBXBuildFile; fileRef = AA7BA4092B06BAFF00DE4A5C /* CartasTokenViewController.xib */; };
		AA7BA40D2B06BB1200DE4A5C /* ExtensionCartasToken.swift in Sources */ = {isa = PBXBuildFile; fileRef = AA7BA40C2B06BB1200DE4A5C /* ExtensionCartasToken.swift */; };
		AA7BA4112B06BB6000DE4A5C /* CartasRitualTableViewCell.swift in Sources */ = {isa = PBXBuildFile; fileRef = AA7BA40F2B06BB6000DE4A5C /* CartasRitualTableViewCell.swift */; };
		AA7BA4122B06BB6000DE4A5C /* CartasRitualTableViewCell.xib in Resources */ = {isa = PBXBuildFile; fileRef = AA7BA4102B06BB6000DE4A5C /* CartasRitualTableViewCell.xib */; };
		AA8250782AF9820300AE1A22 /* CartasMgicasViewController.swift in Sources */ = {isa = PBXBuildFile; fileRef = AA8250762AF9820300AE1A22 /* CartasMgicasViewController.swift */; };
		AA8250792AF9820300AE1A22 /* CartasMgicasViewController.xib in Resources */ = {isa = PBXBuildFile; fileRef = AA8250772AF9820300AE1A22 /* CartasMgicasViewController.xib */; };
		AA82507C2AF985E600AE1A22 /* CartasTrampaViewController.swift in Sources */ = {isa = PBXBuildFile; fileRef = AA82507A2AF985E600AE1A22 /* CartasTrampaViewController.swift */; };
		AA82507D2AF985E600AE1A22 /* CartasTrampaViewController.xib in Resources */ = {isa = PBXBuildFile; fileRef = AA82507B2AF985E600AE1A22 /* CartasTrampaViewController.xib */; };
		AA8250812AF9860D00AE1A22 /* CartasFusionViewController.swift in Sources */ = {isa = PBXBuildFile; fileRef = AA82507F2AF9860D00AE1A22 /* CartasFusionViewController.swift */; };
		AA8250822AF9860D00AE1A22 /* CartasFusionViewController.xib in Resources */ = {isa = PBXBuildFile; fileRef = AA8250802AF9860D00AE1A22 /* CartasFusionViewController.xib */; };
		AA8250852AF9862500AE1A22 /* CartasXYZViewController.swift in Sources */ = {isa = PBXBuildFile; fileRef = AA8250832AF9862500AE1A22 /* CartasXYZViewController.swift */; };
		AA8250862AF9862500AE1A22 /* CartasXYZViewController.xib in Resources */ = {isa = PBXBuildFile; fileRef = AA8250842AF9862500AE1A22 /* CartasXYZViewController.xib */; };
		AA8250892AF9863C00AE1A22 /* CartasPenduloViewController.swift in Sources */ = {isa = PBXBuildFile; fileRef = AA8250872AF9863C00AE1A22 /* CartasPenduloViewController.swift */; };
		AA82508A2AF9863C00AE1A22 /* CartasPenduloViewController.xib in Resources */ = {isa = PBXBuildFile; fileRef = AA8250882AF9863C00AE1A22 /* CartasPenduloViewController.xib */; };
		AA82508E2AF9867B00AE1A22 /* CartasSynchroViewController.swift in Sources */ = {isa = PBXBuildFile; fileRef = AA82508C2AF9867B00AE1A22 /* CartasSynchroViewController.swift */; };
		AA82508F2AF9867B00AE1A22 /* CartasSynchroViewController.xib in Resources */ = {isa = PBXBuildFile; fileRef = AA82508D2AF9867B00AE1A22 /* CartasSynchroViewController.xib */; };
		AA8250992AF9889F00AE1A22 /* CartasMagicasTableViewCell.swift in Sources */ = {isa = PBXBuildFile; fileRef = AA8250972AF9889F00AE1A22 /* CartasMagicasTableViewCell.swift */; };
		AA82509A2AF9889F00AE1A22 /* CartasMagicasTableViewCell.xib in Resources */ = {isa = PBXBuildFile; fileRef = AA8250982AF9889F00AE1A22 /* CartasMagicasTableViewCell.xib */; };
		AA82509D2AF988B100AE1A22 /* CartasTrampaTableViewCell.swift in Sources */ = {isa = PBXBuildFile; fileRef = AA82509B2AF988B100AE1A22 /* CartasTrampaTableViewCell.swift */; };
		AA82509E2AF988B100AE1A22 /* CartasTrampaTableViewCell.xib in Resources */ = {isa = PBXBuildFile; fileRef = AA82509C2AF988B100AE1A22 /* CartasTrampaTableViewCell.xib */; };
		AA8250A12AF988C500AE1A22 /* CartasFusionTableViewCell.swift in Sources */ = {isa = PBXBuildFile; fileRef = AA82509F2AF988C500AE1A22 /* CartasFusionTableViewCell.swift */; };
		AA8250A22AF988C500AE1A22 /* CartasFusionTableViewCell.xib in Resources */ = {isa = PBXBuildFile; fileRef = AA8250A02AF988C500AE1A22 /* CartasFusionTableViewCell.xib */; };
		AA8250A92AF988F500AE1A22 /* CartasXYZTableViewCell.swift in Sources */ = {isa = PBXBuildFile; fileRef = AA8250A72AF988F500AE1A22 /* CartasXYZTableViewCell.swift */; };
		AA8250AA2AF988F500AE1A22 /* CartasXYZTableViewCell.xib in Resources */ = {isa = PBXBuildFile; fileRef = AA8250A82AF988F500AE1A22 /* CartasXYZTableViewCell.xib */; };
		AA8250AD2AF9890900AE1A22 /* CartasSynchroTableViewCell.swift in Sources */ = {isa = PBXBuildFile; fileRef = AA8250AB2AF9890900AE1A22 /* CartasSynchroTableViewCell.swift */; };
		AA8250AE2AF9890900AE1A22 /* CartasSynchroTableViewCell.xib in Resources */ = {isa = PBXBuildFile; fileRef = AA8250AC2AF9890900AE1A22 /* CartasSynchroTableViewCell.xib */; };
		AA8250B12AF9891B00AE1A22 /* CartasPenduloTableViewCell.swift in Sources */ = {isa = PBXBuildFile; fileRef = AA8250AF2AF9891B00AE1A22 /* CartasPenduloTableViewCell.swift */; };
		AA8250B22AF9891B00AE1A22 /* CartasPenduloTableViewCell.xib in Resources */ = {isa = PBXBuildFile; fileRef = AA8250B02AF9891B00AE1A22 /* CartasPenduloTableViewCell.xib */; };
		AA8250B42AF9905900AE1A22 /* ExtensionCartasMagicas.swift in Sources */ = {isa = PBXBuildFile; fileRef = AA8250B32AF9905900AE1A22 /* ExtensionCartasMagicas.swift */; };
		AA8250B62AF9956400AE1A22 /* ExtensionCartasTrampa.swift in Sources */ = {isa = PBXBuildFile; fileRef = AA8250B52AF9956400AE1A22 /* ExtensionCartasTrampa.swift */; };
		AA8250B82AF9971E00AE1A22 /* ExtensionCartasFusion.swift in Sources */ = {isa = PBXBuildFile; fileRef = AA8250B72AF9971E00AE1A22 /* ExtensionCartasFusion.swift */; };
		AA8250BA2AF9983300AE1A22 /* ExtensinCartasXYZ.swift in Sources */ = {isa = PBXBuildFile; fileRef = AA8250B92AF9983300AE1A22 /* ExtensinCartasXYZ.swift */; };
		AA8250BC2AF9995200AE1A22 /* ExtensionCartasPendulo.swift in Sources */ = {isa = PBXBuildFile; fileRef = AA8250BB2AF9995200AE1A22 /* ExtensionCartasPendulo.swift */; };
		AA8250BE2AF99A2600AE1A22 /* ExtensionCartasSynchro.swift in Sources */ = {isa = PBXBuildFile; fileRef = AA8250BD2AF99A2600AE1A22 /* ExtensionCartasSynchro.swift */; };
		AA8B562C2B06BE2800B522A5 /* CartasLinkTableViewCell.swift in Sources */ = {isa = PBXBuildFile; fileRef = AA8B562A2B06BE2800B522A5 /* CartasLinkTableViewCell.swift */; };
		AA8B562D2B06BE2800B522A5 /* CartasLinkTableViewCell.xib in Resources */ = {isa = PBXBuildFile; fileRef = AA8B562B2B06BE2800B522A5 /* CartasLinkTableViewCell.xib */; };
		AA8B56312B06BEE500B522A5 /* CartasTokenTableViewCell.swift in Sources */ = {isa = PBXBuildFile; fileRef = AA8B562F2B06BEE500B522A5 /* CartasTokenTableViewCell.swift */; };
		AA8B56322B06BEE500B522A5 /* CartasTokenTableViewCell.xib in Resources */ = {isa = PBXBuildFile; fileRef = AA8B56302B06BEE500B522A5 /* CartasTokenTableViewCell.xib */; };
		AAF087B62AF0AB8A001EA0FC /* DataCard.swift in Sources */ = {isa = PBXBuildFile; fileRef = AAF087B52AF0AB8A001EA0FC /* DataCard.swift */; };
/* End PBXBuildFile section */

/* Begin PBXFileReference section */
		AA5C7DEF2AF0553600EE4965 /* CartasYuGiHo.app */ = {isa = PBXFileReference; explicitFileType = wrapper.application; includeInIndex = 0; path = CartasYuGiHo.app; sourceTree = BUILT_PRODUCTS_DIR; };
		AA5C7DF22AF0553600EE4965 /* AppDelegate.swift */ = {isa = PBXFileReference; lastKnownFileType = sourcecode.swift; path = AppDelegate.swift; sourceTree = "<group>"; };
		AA5C7DF42AF0553600EE4965 /* SceneDelegate.swift */ = {isa = PBXFileReference; lastKnownFileType = sourcecode.swift; path = SceneDelegate.swift; sourceTree = "<group>"; };
		AA5C7DF62AF0553600EE4965 /* ViewController.swift */ = {isa = PBXFileReference; lastKnownFileType = sourcecode.swift; path = ViewController.swift; sourceTree = "<group>"; };
		AA5C7DF92AF0553600EE4965 /* Base */ = {isa = PBXFileReference; lastKnownFileType = file.storyboard; name = Base; path = Base.lproj/Main.storyboard; sourceTree = "<group>"; };
		AA5C7DFB2AF0553A00EE4965 /* Assets.xcassets */ = {isa = PBXFileReference; lastKnownFileType = folder.assetcatalog; path = Assets.xcassets; sourceTree = "<group>"; };
		AA5C7DFE2AF0553A00EE4965 /* Base */ = {isa = PBXFileReference; lastKnownFileType = file.storyboard; name = Base; path = Base.lproj/LaunchScreen.storyboard; sourceTree = "<group>"; };
		AA5C7E002AF0553A00EE4965 /* Info.plist */ = {isa = PBXFileReference; lastKnownFileType = text.plist.xml; path = Info.plist; sourceTree = "<group>"; };
		AA5C7E0C2AF0574000EE4965 /* Card_prices.swift */ = {isa = PBXFileReference; fileEncoding = 4; lastKnownFileType = sourcecode.swift; path = Card_prices.swift; sourceTree = "<group>"; };
		AA5C7E0D2AF0574000EE4965 /* Card_sets.swift */ = {isa = PBXFileReference; fileEncoding = 4; lastKnownFileType = sourcecode.swift; path = Card_sets.swift; sourceTree = "<group>"; };
		AA5C7E0E2AF0574000EE4965 /* Card_images.swift */ = {isa = PBXFileReference; fileEncoding = 4; lastKnownFileType = sourcecode.swift; path = Card_images.swift; sourceTree = "<group>"; };
		AA5C7E132AF0575C00EE4965 /* CardResponse.swift */ = {isa = PBXFileReference; lastKnownFileType = sourcecode.swift; path = CardResponse.swift; sourceTree = "<group>"; };
		AA5C7E162AF058F200EE4965 /* CardsListViewController.swift */ = {isa = PBXFileReference; lastKnownFileType = sourcecode.swift; path = CardsListViewController.swift; sourceTree = "<group>"; };
		AA5C7E172AF058F200EE4965 /* CardsListViewController.xib */ = {isa = PBXFileReference; lastKnownFileType = file.xib; path = CardsListViewController.xib; sourceTree = "<group>"; };
		AA5C7E1A2AF0592100EE4965 /* ExtensionCardsList.swift */ = {isa = PBXFileReference; lastKnownFileType = sourcecode.swift; path = ExtensionCardsList.swift; sourceTree = "<group>"; };
		AA5C7E1D2AF0595D00EE4965 /* DetailCardViewController.swift */ = {isa = PBXFileReference; lastKnownFileType = sourcecode.swift; path = DetailCardViewController.swift; sourceTree = "<group>"; };
		AA5C7E1E2AF0595D00EE4965 /* DetailCardViewController.xib */ = {isa = PBXFileReference; lastKnownFileType = file.xib; path = DetailCardViewController.xib; sourceTree = "<group>"; };
		AA5C7E222AF05B4600EE4965 /* TabBarViewController.swift */ = {isa = PBXFileReference; lastKnownFileType = sourcecode.swift; path = TabBarViewController.swift; sourceTree = "<group>"; };
		AA5C7E252AF0796700EE4965 /* CardListTableViewCell.swift */ = {isa = PBXFileReference; lastKnownFileType = sourcecode.swift; path = CardListTableViewCell.swift; sourceTree = "<group>"; };
		AA5C7E262AF0796700EE4965 /* CardListTableViewCell.xib */ = {isa = PBXFileReference; lastKnownFileType = file.xib; path = CardListTableViewCell.xib; sourceTree = "<group>"; };
		AA5C7E292AF07B1300EE4965 /* Extensiones.swift */ = {isa = PBXFileReference; lastKnownFileType = sourcecode.swift; path = Extensiones.swift; sourceTree = "<group>"; };
		AA5C7E2B2AF083DA00EE4965 /* Cards_WS.swift */ = {isa = PBXFileReference; lastKnownFileType = sourcecode.swift; path = Cards_WS.swift; sourceTree = "<group>"; };
		AA7B59482B057C680089C139 /* CartasMounstroEfectoViewController.swift */ = {isa = PBXFileReference; lastKnownFileType = sourcecode.swift; path = CartasMounstroEfectoViewController.swift; sourceTree = "<group>"; };
		AA7B59492B057C680089C139 /* CartasMounstroEfectoViewController.xib */ = {isa = PBXFileReference; lastKnownFileType = file.xib; path = CartasMounstroEfectoViewController.xib; sourceTree = "<group>"; };
		AA7B594C2B057C7A0089C139 /* ExtensionMounstroEfecto.swift */ = {isa = PBXFileReference; lastKnownFileType = sourcecode.swift; path = ExtensionMounstroEfecto.swift; sourceTree = "<group>"; };
		AA7B594F2B057E490089C139 /* CartasMounstroEfectoTableViewCell.swift */ = {isa = PBXFileReference; lastKnownFileType = sourcecode.swift; path = CartasMounstroEfectoTableViewCell.swift; sourceTree = "<group>"; };
		AA7B59502B057E490089C139 /* CartasMounstroEfectoTableViewCell.xib */ = {isa = PBXFileReference; lastKnownFileType = file.xib; path = CartasMounstroEfectoTableViewCell.xib; sourceTree = "<group>"; };
		AA7BA3FC2B06BA9400DE4A5C /* CartasRitualViewController.swift */ = {isa = PBXFileReference; lastKnownFileType = sourcecode.swift; path = CartasRitualViewController.swift; sourceTree = "<group>"; };
		AA7BA3FD2B06BA9400DE4A5C /* CartasRitualViewController.xib */ = {isa = PBXFileReference; lastKnownFileType = file.xib; path = CartasRitualViewController.xib; sourceTree = "<group>"; };
		AA7BA4002B06BAB200DE4A5C /* ExtensionCartasRitual.swift */ = {isa = PBXFileReference; lastKnownFileType = sourcecode.swift; path = ExtensionCartasRitual.swift; sourceTree = "<group>"; };
		AA7BA4022B06BAD300DE4A5C /* CartasLinkViewController.swift */ = {isa = PBXFileReference; lastKnownFileType = sourcecode.swift; path = CartasLinkViewController.swift; sourceTree = "<group>"; };
		AA7BA4032B06BAD300DE4A5C /* CartasLinkViewController.xib */ = {isa = PBXFileReference; lastKnownFileType = file.xib; path = CartasLinkViewController.xib; sourceTree = "<group>"; };
		AA7BA4062B06BAE700DE4A5C /* ExtensionCartasLink.swift */ = {isa = PBXFileReference; lastKnownFileType = sourcecode.swift; path = ExtensionCartasLink.swift; sourceTree = "<group>"; };
		AA7BA4082B06BAFF00DE4A5C /* CartasTokenViewController.swift */ = {isa = PBXFileReference; lastKnownFileType = sourcecode.swift; path = CartasTokenViewController.swift; sourceTree = "<group>"; };
		AA7BA4092B06BAFF00DE4A5C /* CartasTokenViewController.xib */ = {isa = PBXFileReference; lastKnownFileType = file.xib; path = CartasTokenViewController.xib; sourceTree = "<group>"; };
		AA7BA40C2B06BB1200DE4A5C /* ExtensionCartasToken.swift */ = {isa = PBXFileReference; lastKnownFileType = sourcecode.swift; path = ExtensionCartasToken.swift; sourceTree = "<group>"; };
		AA7BA40F2B06BB6000DE4A5C /* CartasRitualTableViewCell.swift */ = {isa = PBXFileReference; lastKnownFileType = sourcecode.swift; path = CartasRitualTableViewCell.swift; sourceTree = "<group>"; };
		AA7BA4102B06BB6000DE4A5C /* CartasRitualTableViewCell.xib */ = {isa = PBXFileReference; lastKnownFileType = file.xib; path = CartasRitualTableViewCell.xib; sourceTree = "<group>"; };
		AA8250762AF9820300AE1A22 /* CartasMgicasViewController.swift */ = {isa = PBXFileReference; lastKnownFileType = sourcecode.swift; path = CartasMgicasViewController.swift; sourceTree = "<group>"; };
		AA8250772AF9820300AE1A22 /* CartasMgicasViewController.xib */ = {isa = PBXFileReference; lastKnownFileType = file.xib; path = CartasMgicasViewController.xib; sourceTree = "<group>"; };
		AA82507A2AF985E600AE1A22 /* CartasTrampaViewController.swift */ = {isa = PBXFileReference; lastKnownFileType = sourcecode.swift; path = CartasTrampaViewController.swift; sourceTree = "<group>"; };
		AA82507B2AF985E600AE1A22 /* CartasTrampaViewController.xib */ = {isa = PBXFileReference; lastKnownFileType = file.xib; path = CartasTrampaViewController.xib; sourceTree = "<group>"; };
		AA82507F2AF9860D00AE1A22 /* CartasFusionViewController.swift */ = {isa = PBXFileReference; lastKnownFileType = sourcecode.swift; path = CartasFusionViewController.swift; sourceTree = "<group>"; };
		AA8250802AF9860D00AE1A22 /* CartasFusionViewController.xib */ = {isa = PBXFileReference; lastKnownFileType = file.xib; path = CartasFusionViewController.xib; sourceTree = "<group>"; };
		AA8250832AF9862500AE1A22 /* CartasXYZViewController.swift */ = {isa = PBXFileReference; lastKnownFileType = sourcecode.swift; path = CartasXYZViewController.swift; sourceTree = "<group>"; };
		AA8250842AF9862500AE1A22 /* CartasXYZViewController.xib */ = {isa = PBXFileReference; lastKnownFileType = file.xib; path = CartasXYZViewController.xib; sourceTree = "<group>"; };
		AA8250872AF9863C00AE1A22 /* CartasPenduloViewController.swift */ = {isa = PBXFileReference; lastKnownFileType = sourcecode.swift; path = CartasPenduloViewController.swift; sourceTree = "<group>"; };
		AA8250882AF9863C00AE1A22 /* CartasPenduloViewController.xib */ = {isa = PBXFileReference; lastKnownFileType = file.xib; path = CartasPenduloViewController.xib; sourceTree = "<group>"; };
		AA82508C2AF9867B00AE1A22 /* CartasSynchroViewController.swift */ = {isa = PBXFileReference; lastKnownFileType = sourcecode.swift; path = CartasSynchroViewController.swift; sourceTree = "<group>"; };
		AA82508D2AF9867B00AE1A22 /* CartasSynchroViewController.xib */ = {isa = PBXFileReference; lastKnownFileType = file.xib; path = CartasSynchroViewController.xib; sourceTree = "<group>"; };
		AA8250972AF9889F00AE1A22 /* CartasMagicasTableViewCell.swift */ = {isa = PBXFileReference; lastKnownFileType = sourcecode.swift; path = CartasMagicasTableViewCell.swift; sourceTree = "<group>"; };
		AA8250982AF9889F00AE1A22 /* CartasMagicasTableViewCell.xib */ = {isa = PBXFileReference; lastKnownFileType = file.xib; path = CartasMagicasTableViewCell.xib; sourceTree = "<group>"; };
		AA82509B2AF988B100AE1A22 /* CartasTrampaTableViewCell.swift */ = {isa = PBXFileReference; lastKnownFileType = sourcecode.swift; path = CartasTrampaTableViewCell.swift; sourceTree = "<group>"; };
		AA82509C2AF988B100AE1A22 /* CartasTrampaTableViewCell.xib */ = {isa = PBXFileReference; lastKnownFileType = file.xib; path = CartasTrampaTableViewCell.xib; sourceTree = "<group>"; };
		AA82509F2AF988C500AE1A22 /* CartasFusionTableViewCell.swift */ = {isa = PBXFileReference; lastKnownFileType = sourcecode.swift; path = CartasFusionTableViewCell.swift; sourceTree = "<group>"; };
		AA8250A02AF988C500AE1A22 /* CartasFusionTableViewCell.xib */ = {isa = PBXFileReference; lastKnownFileType = file.xib; path = CartasFusionTableViewCell.xib; sourceTree = "<group>"; };
		AA8250A72AF988F500AE1A22 /* CartasXYZTableViewCell.swift */ = {isa = PBXFileReference; lastKnownFileType = sourcecode.swift; path = CartasXYZTableViewCell.swift; sourceTree = "<group>"; };
		AA8250A82AF988F500AE1A22 /* CartasXYZTableViewCell.xib */ = {isa = PBXFileReference; lastKnownFileType = file.xib; path = CartasXYZTableViewCell.xib; sourceTree = "<group>"; };
		AA8250AB2AF9890900AE1A22 /* CartasSynchroTableViewCell.swift */ = {isa = PBXFileReference; lastKnownFileType = sourcecode.swift; path = CartasSynchroTableViewCell.swift; sourceTree = "<group>"; };
		AA8250AC2AF9890900AE1A22 /* CartasSynchroTableViewCell.xib */ = {isa = PBXFileReference; lastKnownFileType = file.xib; path = CartasSynchroTableViewCell.xib; sourceTree = "<group>"; };
		AA8250AF2AF9891B00AE1A22 /* CartasPenduloTableViewCell.swift */ = {isa = PBXFileReference; lastKnownFileType = sourcecode.swift; path = CartasPenduloTableViewCell.swift; sourceTree = "<group>"; };
		AA8250B02AF9891B00AE1A22 /* CartasPenduloTableViewCell.xib */ = {isa = PBXFileReference; lastKnownFileType = file.xib; path = CartasPenduloTableViewCell.xib; sourceTree = "<group>"; };
		AA8250B32AF9905900AE1A22 /* ExtensionCartasMagicas.swift */ = {isa = PBXFileReference; lastKnownFileType = sourcecode.swift; path = ExtensionCartasMagicas.swift; sourceTree = "<group>"; };
		AA8250B52AF9956400AE1A22 /* ExtensionCartasTrampa.swift */ = {isa = PBXFileReference; lastKnownFileType = sourcecode.swift; path = ExtensionCartasTrampa.swift; sourceTree = "<group>"; };
		AA8250B72AF9971E00AE1A22 /* ExtensionCartasFusion.swift */ = {isa = PBXFileReference; lastKnownFileType = sourcecode.swift; path = ExtensionCartasFusion.swift; sourceTree = "<group>"; };
		AA8250B92AF9983300AE1A22 /* ExtensinCartasXYZ.swift */ = {isa = PBXFileReference; lastKnownFileType = sourcecode.swift; path = ExtensinCartasXYZ.swift; sourceTree = "<group>"; };
		AA8250BB2AF9995200AE1A22 /* ExtensionCartasPendulo.swift */ = {isa = PBXFileReference; lastKnownFileType = sourcecode.swift; path = ExtensionCartasPendulo.swift; sourceTree = "<group>"; };
		AA8250BD2AF99A2600AE1A22 /* ExtensionCartasSynchro.swift */ = {isa = PBXFileReference; lastKnownFileType = sourcecode.swift; path = ExtensionCartasSynchro.swift; sourceTree = "<group>"; };
		AA8B562A2B06BE2800B522A5 /* CartasLinkTableViewCell.swift */ = {isa = PBXFileReference; lastKnownFileType = sourcecode.swift; path = CartasLinkTableViewCell.swift; sourceTree = "<group>"; };
		AA8B562B2B06BE2800B522A5 /* CartasLinkTableViewCell.xib */ = {isa = PBXFileReference; lastKnownFileType = file.xib; path = CartasLinkTableViewCell.xib; sourceTree = "<group>"; };
		AA8B562F2B06BEE500B522A5 /* CartasTokenTableViewCell.swift */ = {isa = PBXFileReference; lastKnownFileType = sourcecode.swift; path = CartasTokenTableViewCell.swift; sourceTree = "<group>"; };
		AA8B56302B06BEE500B522A5 /* CartasTokenTableViewCell.xib */ = {isa = PBXFileReference; lastKnownFileType = file.xib; path = CartasTokenTableViewCell.xib; sourceTree = "<group>"; };
		AAF087B52AF0AB8A001EA0FC /* DataCard.swift */ = {isa = PBXFileReference; lastKnownFileType = sourcecode.swift; path = DataCard.swift; sourceTree = "<group>"; };
/* End PBXFileReference section */

/* Begin PBXFrameworksBuildPhase section */
		AA5C7DEC2AF0553600EE4965 /* Frameworks */ = {
			isa = PBXFrameworksBuildPhase;
			buildActionMask = 2147483647;
			files = (
			);
			runOnlyForDeploymentPostprocessing = 0;
		};
/* End PBXFrameworksBuildPhase section */

/* Begin PBXGroup section */
		AA5C7DE62AF0553500EE4965 = {
			isa = PBXGroup;
			children = (
				AA5C7DF12AF0553600EE4965 /* CartasYuGiHo */,
				AA5C7DF02AF0553600EE4965 /* Products */,
			);
			sourceTree = "<group>";
		};
		AA5C7DF02AF0553600EE4965 /* Products */ = {
			isa = PBXGroup;
			children = (
				AA5C7DEF2AF0553600EE4965 /* CartasYuGiHo.app */,
			);
			name = Products;
			sourceTree = "<group>";
		};
		AA5C7DF12AF0553600EE4965 /* CartasYuGiHo */ = {
			isa = PBXGroup;
			children = (
				AA5C7E062AF0569E00EE4965 /* Services  */,
				AA5C7E082AF056BC00EE4965 /* Extesiones */,
				AA5C7E072AF056AE00EE4965 /* ModelData */,
				AA5C7E242AF0791900EE4965 /* TableCells */,
				AA5C7E212AF05B0800EE4965 /* TapBarController */,
				AA5C7E092AF056DE00EE4965 /* Vistas */,
				AA5C7DF22AF0553600EE4965 /* AppDelegate.swift */,
				AA5C7DF42AF0553600EE4965 /* SceneDelegate.swift */,
				AA5C7DF62AF0553600EE4965 /* ViewController.swift */,
				AA5C7DF82AF0553600EE4965 /* Main.storyboard */,
				AA5C7DFB2AF0553A00EE4965 /* Assets.xcassets */,
				AA5C7DFD2AF0553A00EE4965 /* LaunchScreen.storyboard */,
				AA5C7E002AF0553A00EE4965 /* Info.plist */,
			);
			path = CartasYuGiHo;
			sourceTree = "<group>";
		};
		AA5C7E062AF0569E00EE4965 /* Services  */ = {
			isa = PBXGroup;
			children = (
				AA5C7E2B2AF083DA00EE4965 /* Cards_WS.swift */,
			);
			path = "Services ";
			sourceTree = "<group>";
		};
		AA5C7E072AF056AE00EE4965 /* ModelData */ = {
			isa = PBXGroup;
			children = (
				AA5C7E0A2AF0571F00EE4965 /* Response */,
			);
			path = ModelData;
			sourceTree = "<group>";
		};
		AA5C7E082AF056BC00EE4965 /* Extesiones */ = {
			isa = PBXGroup;
			children = (
				AA5C7E292AF07B1300EE4965 /* Extensiones.swift */,
			);
			path = Extesiones;
			sourceTree = "<group>";
		};
		AA5C7E092AF056DE00EE4965 /* Vistas */ = {
			isa = PBXGroup;
			children = (
				AA7BA3FB2B06BA3F00DE4A5C /* CartasTokenViewController */,
				AA7BA3F92B06B9AD00DE4A5C /* CartasLinkViewController */,
				AA8250752AF981B300AE1A22 /* CartasSynchroViewController */,
				AA8250742AF9818200AE1A22 /* CartasPenduloViewController */,
				AA8250732AF9814500AE1A22 /* CartasXYZViewController */,
				AA7BA3FA2B06B9C600DE4A5C /* CartasRitualViewController */,
				AA8250722AF9812500AE1A22 /* CartasFusionViewController */,
				AA8250712AF980A100AE1A22 /* CartasTrampaViewController */,
				AA8250702AF9808100AE1A22 /* CartasMagicasViewController */,
				AA7B59472B057C170089C139 /* CartasMounstroEfectoViewController */,
				AA5C7E152AF058BB00EE4965 /* CardsListViewController */,
				AA5C7E1C2AF0593100EE4965 /* DetailCardView */,
			);
			path = Vistas;
			sourceTree = "<group>";
		};
		AA5C7E0A2AF0571F00EE4965 /* Response */ = {
			isa = PBXGroup;
			children = (
				AA5C7E132AF0575C00EE4965 /* CardResponse.swift */,
				AAF087B52AF0AB8A001EA0FC /* DataCard.swift */,
				AA5C7E0D2AF0574000EE4965 /* Card_sets.swift */,
				AA5C7E0E2AF0574000EE4965 /* Card_images.swift */,
				AA5C7E0C2AF0574000EE4965 /* Card_prices.swift */,
			);
			path = Response;
			sourceTree = "<group>";
		};
		AA5C7E152AF058BB00EE4965 /* CardsListViewController */ = {
			isa = PBXGroup;
			children = (
				AA5C7E162AF058F200EE4965 /* CardsListViewController.swift */,
				AA5C7E1A2AF0592100EE4965 /* ExtensionCardsList.swift */,
				AA5C7E172AF058F200EE4965 /* CardsListViewController.xib */,
			);
			path = CardsListViewController;
			sourceTree = "<group>";
		};
		AA5C7E1C2AF0593100EE4965 /* DetailCardView */ = {
			isa = PBXGroup;
			children = (
				AA5C7E1D2AF0595D00EE4965 /* DetailCardViewController.swift */,
				AA5C7E1E2AF0595D00EE4965 /* DetailCardViewController.xib */,
			);
			path = DetailCardView;
			sourceTree = "<group>";
		};
		AA5C7E212AF05B0800EE4965 /* TapBarController */ = {
			isa = PBXGroup;
			children = (
				AA5C7E222AF05B4600EE4965 /* TabBarViewController.swift */,
			);
			path = TapBarController;
			sourceTree = "<group>";
		};
		AA5C7E242AF0791900EE4965 /* TableCells */ = {
			isa = PBXGroup;
			children = (
				AA8B562E2B06BEC400B522A5 /* CartasToken */,
				AA8B56292B06BE0B00B522A5 /* CartasLink */,
				AA8250962AF9886E00AE1A22 /* CartasPendulo */,
				AA8250952AF9885F00AE1A22 /* CartasSynchro */,
				AA8250942AF9885400AE1A22 /* CartasXYZ */,
				AA7BA40E2B06BB2800DE4A5C /* CartasRitual */,
				AA8250932AF9884A00AE1A22 /* CartasFusion */,
				AA8250922AF9883C00AE1A22 /* CartasTrampa */,
				AA8250912AF9881900AE1A22 /* CartasMagicas */,
				AA7B594E2B057E110089C139 /* CartasMounstroEfecto */,
				AA8250902AF9880200AE1A22 /* CartasMounstro */,
			);
			path = TableCells;
			sourceTree = "<group>";
		};
		AA7B59472B057C170089C139 /* CartasMounstroEfectoViewController */ = {
			isa = PBXGroup;
			children = (
				AA7B59482B057C680089C139 /* CartasMounstroEfectoViewController.swift */,
				AA7B594C2B057C7A0089C139 /* ExtensionMounstroEfecto.swift */,
				AA7B59492B057C680089C139 /* CartasMounstroEfectoViewController.xib */,
			);
			path = CartasMounstroEfectoViewController;
			sourceTree = "<group>";
		};
		AA7B594E2B057E110089C139 /* CartasMounstroEfecto */ = {
			isa = PBXGroup;
			children = (
				AA7B594F2B057E490089C139 /* CartasMounstroEfectoTableViewCell.swift */,
				AA7B59502B057E490089C139 /* CartasMounstroEfectoTableViewCell.xib */,
			);
			path = CartasMounstroEfecto;
			sourceTree = "<group>";
		};
		AA7BA3F92B06B9AD00DE4A5C /* CartasLinkViewController */ = {
			isa = PBXGroup;
			children = (
				AA7BA4022B06BAD300DE4A5C /* CartasLinkViewController.swift */,
				AA7BA4062B06BAE700DE4A5C /* ExtensionCartasLink.swift */,
				AA7BA4032B06BAD300DE4A5C /* CartasLinkViewController.xib */,
			);
			path = CartasLinkViewController;
			sourceTree = "<group>";
		};
		AA7BA3FA2B06B9C600DE4A5C /* CartasRitualViewController */ = {
			isa = PBXGroup;
			children = (
				AA7BA3FC2B06BA9400DE4A5C /* CartasRitualViewController.swift */,
				AA7BA4002B06BAB200DE4A5C /* ExtensionCartasRitual.swift */,
				AA7BA3FD2B06BA9400DE4A5C /* CartasRitualViewController.xib */,
			);
			path = CartasRitualViewController;
			sourceTree = "<group>";
		};
		AA7BA3FB2B06BA3F00DE4A5C /* CartasTokenViewController */ = {
			isa = PBXGroup;
			children = (
				AA7BA4082B06BAFF00DE4A5C /* CartasTokenViewController.swift */,
				AA7BA40C2B06BB1200DE4A5C /* ExtensionCartasToken.swift */,
				AA7BA4092B06BAFF00DE4A5C /* CartasTokenViewController.xib */,
			);
			path = CartasTokenViewController;
			sourceTree = "<group>";
		};
		AA7BA40E2B06BB2800DE4A5C /* CartasRitual */ = {
			isa = PBXGroup;
			children = (
				AA7BA40F2B06BB6000DE4A5C /* CartasRitualTableViewCell.swift */,
				AA7BA4102B06BB6000DE4A5C /* CartasRitualTableViewCell.xib */,
			);
			path = CartasRitual;
			sourceTree = "<group>";
		};
		AA8250702AF9808100AE1A22 /* CartasMagicasViewController */ = {
			isa = PBXGroup;
			children = (
				AA8250762AF9820300AE1A22 /* CartasMgicasViewController.swift */,
				AA8250B32AF9905900AE1A22 /* ExtensionCartasMagicas.swift */,
				AA8250772AF9820300AE1A22 /* CartasMgicasViewController.xib */,
			);
			path = CartasMagicasViewController;
			sourceTree = "<group>";
		};
		AA8250712AF980A100AE1A22 /* CartasTrampaViewController */ = {
			isa = PBXGroup;
			children = (
				AA82507A2AF985E600AE1A22 /* CartasTrampaViewController.swift */,
				AA8250B52AF9956400AE1A22 /* ExtensionCartasTrampa.swift */,
				AA82507B2AF985E600AE1A22 /* CartasTrampaViewController.xib */,
			);
			path = CartasTrampaViewController;
			sourceTree = "<group>";
		};
		AA8250722AF9812500AE1A22 /* CartasFusionViewController */ = {
			isa = PBXGroup;
			children = (
				AA82507F2AF9860D00AE1A22 /* CartasFusionViewController.swift */,
				AA8250B72AF9971E00AE1A22 /* ExtensionCartasFusion.swift */,
				AA8250802AF9860D00AE1A22 /* CartasFusionViewController.xib */,
			);
			path = CartasFusionViewController;
			sourceTree = "<group>";
		};
		AA8250732AF9814500AE1A22 /* CartasXYZViewController */ = {
			isa = PBXGroup;
			children = (
				AA8250832AF9862500AE1A22 /* CartasXYZViewController.swift */,
				AA8250B92AF9983300AE1A22 /* ExtensinCartasXYZ.swift */,
				AA8250842AF9862500AE1A22 /* CartasXYZViewController.xib */,
			);
			path = CartasXYZViewController;
			sourceTree = "<group>";
		};
		AA8250742AF9818200AE1A22 /* CartasPenduloViewController */ = {
			isa = PBXGroup;
			children = (
				AA8250872AF9863C00AE1A22 /* CartasPenduloViewController.swift */,
				AA8250BB2AF9995200AE1A22 /* ExtensionCartasPendulo.swift */,
				AA8250882AF9863C00AE1A22 /* CartasPenduloViewController.xib */,
			);
			path = CartasPenduloViewController;
			sourceTree = "<group>";
		};
		AA8250752AF981B300AE1A22 /* CartasSynchroViewController */ = {
			isa = PBXGroup;
			children = (
				AA82508C2AF9867B00AE1A22 /* CartasSynchroViewController.swift */,
				AA8250BD2AF99A2600AE1A22 /* ExtensionCartasSynchro.swift */,
				AA82508D2AF9867B00AE1A22 /* CartasSynchroViewController.xib */,
			);
			path = CartasSynchroViewController;
			sourceTree = "<group>";
		};
		AA8250902AF9880200AE1A22 /* CartasMounstro */ = {
			isa = PBXGroup;
			children = (
				AA5C7E252AF0796700EE4965 /* CardListTableViewCell.swift */,
				AA5C7E262AF0796700EE4965 /* CardListTableViewCell.xib */,
			);
			path = CartasMounstro;
			sourceTree = "<group>";
		};
		AA8250912AF9881900AE1A22 /* CartasMagicas */ = {
			isa = PBXGroup;
			children = (
				AA8250972AF9889F00AE1A22 /* CartasMagicasTableViewCell.swift */,
				AA8250982AF9889F00AE1A22 /* CartasMagicasTableViewCell.xib */,
			);
			path = CartasMagicas;
			sourceTree = "<group>";
		};
		AA8250922AF9883C00AE1A22 /* CartasTrampa */ = {
			isa = PBXGroup;
			children = (
				AA82509B2AF988B100AE1A22 /* CartasTrampaTableViewCell.swift */,
				AA82509C2AF988B100AE1A22 /* CartasTrampaTableViewCell.xib */,
			);
			path = CartasTrampa;
			sourceTree = "<group>";
		};
		AA8250932AF9884A00AE1A22 /* CartasFusion */ = {
			isa = PBXGroup;
			children = (
				AA82509F2AF988C500AE1A22 /* CartasFusionTableViewCell.swift */,
				AA8250A02AF988C500AE1A22 /* CartasFusionTableViewCell.xib */,
			);
			path = CartasFusion;
			sourceTree = "<group>";
		};
		AA8250942AF9885400AE1A22 /* CartasXYZ */ = {
			isa = PBXGroup;
			children = (
				AA8250A72AF988F500AE1A22 /* CartasXYZTableViewCell.swift */,
				AA8250A82AF988F500AE1A22 /* CartasXYZTableViewCell.xib */,
			);
			path = CartasXYZ;
			sourceTree = "<group>";
		};
		AA8250952AF9885F00AE1A22 /* CartasSynchro */ = {
			isa = PBXGroup;
			children = (
				AA8250AB2AF9890900AE1A22 /* CartasSynchroTableViewCell.swift */,
				AA8250AC2AF9890900AE1A22 /* CartasSynchroTableViewCell.xib */,
			);
			path = CartasSynchro;
			sourceTree = "<group>";
		};
		AA8250962AF9886E00AE1A22 /* CartasPendulo */ = {
			isa = PBXGroup;
			children = (
				AA8250AF2AF9891B00AE1A22 /* CartasPenduloTableViewCell.swift */,
				AA8250B02AF9891B00AE1A22 /* CartasPenduloTableViewCell.xib */,
			);
			path = CartasPendulo;
			sourceTree = "<group>";
		};
		AA8B56292B06BE0B00B522A5 /* CartasLink */ = {
			isa = PBXGroup;
			children = (
				AA8B562A2B06BE2800B522A5 /* CartasLinkTableViewCell.swift */,
				AA8B562B2B06BE2800B522A5 /* CartasLinkTableViewCell.xib */,
			);
			path = CartasLink;
			sourceTree = "<group>";
		};
		AA8B562E2B06BEC400B522A5 /* CartasToken */ = {
			isa = PBXGroup;
			children = (
				AA8B562F2B06BEE500B522A5 /* CartasTokenTableViewCell.swift */,
				AA8B56302B06BEE500B522A5 /* CartasTokenTableViewCell.xib */,
			);
			path = CartasToken;
			sourceTree = "<group>";
		};
/* End PBXGroup section */

/* Begin PBXNativeTarget section */
		AA5C7DEE2AF0553600EE4965 /* CartasYuGiHo */ = {
			isa = PBXNativeTarget;
			buildConfigurationList = AA5C7E032AF0553A00EE4965 /* Build configuration list for PBXNativeTarget "CartasYuGiHo" */;
			buildPhases = (
				AA5C7DEB2AF0553600EE4965 /* Sources */,
				AA5C7DEC2AF0553600EE4965 /* Frameworks */,
				AA5C7DED2AF0553600EE4965 /* Resources */,
			);
			buildRules = (
			);
			dependencies = (
			);
			name = CartasYuGiHo;
			productName = CartasYuGiHo;
			productReference = AA5C7DEF2AF0553600EE4965 /* CartasYuGiHo.app */;
			productType = "com.apple.product-type.application";
		};
/* End PBXNativeTarget section */

/* Begin PBXProject section */
		AA5C7DE72AF0553500EE4965 /* Project object */ = {
			isa = PBXProject;
			attributes = {
				BuildIndependentTargetsInParallel = 1;
				LastSwiftUpdateCheck = 1420;
				LastUpgradeCheck = 1420;
				TargetAttributes = {
					AA5C7DEE2AF0553600EE4965 = {
						CreatedOnToolsVersion = 14.2;
					};
				};
			};
			buildConfigurationList = AA5C7DEA2AF0553500EE4965 /* Build configuration list for PBXProject "CartasYuGiHo" */;
			compatibilityVersion = "Xcode 14.0";
			developmentRegion = en;
			hasScannedForEncodings = 0;
			knownRegions = (
				en,
				Base,
			);
			mainGroup = AA5C7DE62AF0553500EE4965;
			productRefGroup = AA5C7DF02AF0553600EE4965 /* Products */;
			projectDirPath = "";
			projectRoot = "";
			targets = (
				AA5C7DEE2AF0553600EE4965 /* CartasYuGiHo */,
			);
		};
/* End PBXProject section */

/* Begin PBXResourcesBuildPhase section */
		AA5C7DED2AF0553600EE4965 /* Resources */ = {
			isa = PBXResourcesBuildPhase;
			buildActionMask = 2147483647;
			files = (
				AA8250862AF9862500AE1A22 /* CartasXYZViewController.xib in Resources */,
				AA8B56322B06BEE500B522A5 /* CartasTokenTableViewCell.xib in Resources */,
				AA7B594B2B057C680089C139 /* CartasMounstroEfectoViewController.xib in Resources */,
				AA5C7E192AF058F200EE4965 /* CardsListViewController.xib in Resources */,
				AA82509A2AF9889F00AE1A22 /* CartasMagicasTableViewCell.xib in Resources */,
				AA82507D2AF985E600AE1A22 /* CartasTrampaViewController.xib in Resources */,
				AA82509E2AF988B100AE1A22 /* CartasTrampaTableViewCell.xib in Resources */,
				AA82508F2AF9867B00AE1A22 /* CartasSynchroViewController.xib in Resources */,
				AA7BA40B2B06BAFF00DE4A5C /* CartasTokenViewController.xib in Resources */,
				AA8B562D2B06BE2800B522A5 /* CartasLinkTableViewCell.xib in Resources */,
				AA5C7E282AF0796700EE4965 /* CardListTableViewCell.xib in Resources */,
				AA8250AA2AF988F500AE1A22 /* CartasXYZTableViewCell.xib in Resources */,
				AA8250AE2AF9890900AE1A22 /* CartasSynchroTableViewCell.xib in Resources */,
				AA8250B22AF9891B00AE1A22 /* CartasPenduloTableViewCell.xib in Resources */,
				AA5C7DFF2AF0553A00EE4965 /* LaunchScreen.storyboard in Resources */,
				AA7BA3FF2B06BA9400DE4A5C /* CartasRitualViewController.xib in Resources */,
				AA8250A22AF988C500AE1A22 /* CartasFusionTableViewCell.xib in Resources */,
				AA8250822AF9860D00AE1A22 /* CartasFusionViewController.xib in Resources */,
				AA7BA4122B06BB6000DE4A5C /* CartasRitualTableViewCell.xib in Resources */,
				AA82508A2AF9863C00AE1A22 /* CartasPenduloViewController.xib in Resources */,
				AA8250792AF9820300AE1A22 /* CartasMgicasViewController.xib in Resources */,
				AA7B59522B057E490089C139 /* CartasMounstroEfectoTableViewCell.xib in Resources */,
				AA7BA4052B06BAD300DE4A5C /* CartasLinkViewController.xib in Resources */,
				AA5C7E202AF0595D00EE4965 /* DetailCardViewController.xib in Resources */,
				AA5C7DFC2AF0553A00EE4965 /* Assets.xcassets in Resources */,
				AA5C7DFA2AF0553600EE4965 /* Main.storyboard in Resources */,
			);
			runOnlyForDeploymentPostprocessing = 0;
		};
/* End PBXResourcesBuildPhase section */

/* Begin PBXSourcesBuildPhase section */
		AA5C7DEB2AF0553600EE4965 /* Sources */ = {
			isa = PBXSourcesBuildPhase;
			buildActionMask = 2147483647;
			files = (
				AA5C7E102AF0574000EE4965 /* Card_prices.swift in Sources */,
				AA5C7E1B2AF0592100EE4965 /* ExtensionCardsList.swift in Sources */,
				AA8250852AF9862500AE1A22 /* CartasXYZViewController.swift in Sources */,
				AA8250BE2AF99A2600AE1A22 /* ExtensionCartasSynchro.swift in Sources */,
				AA5C7DF72AF0553600EE4965 /* ViewController.swift in Sources */,
				AA82508E2AF9867B00AE1A22 /* CartasSynchroViewController.swift in Sources */,
				AA5C7DF32AF0553600EE4965 /* AppDelegate.swift in Sources */,
				AA8250992AF9889F00AE1A22 /* CartasMagicasTableViewCell.swift in Sources */,
				AA7BA40A2B06BAFF00DE4A5C /* CartasTokenViewController.swift in Sources */,
				AA5C7E272AF0796700EE4965 /* CardListTableViewCell.swift in Sources */,
				AA5C7E2A2AF07B1300EE4965 /* Extensiones.swift in Sources */,
				AA8B562C2B06BE2800B522A5 /* CartasLinkTableViewCell.swift in Sources */,
				AA8250BC2AF9995200AE1A22 /* ExtensionCartasPendulo.swift in Sources */,
				AA8250B82AF9971E00AE1A22 /* ExtensionCartasFusion.swift in Sources */,
				AA7BA4112B06BB6000DE4A5C /* CartasRitualTableViewCell.swift in Sources */,
				AA5C7E232AF05B4600EE4965 /* TabBarViewController.swift in Sources */,
				AA7BA4072B06BAE700DE4A5C /* ExtensionCartasLink.swift in Sources */,
				AA5C7E182AF058F200EE4965 /* CardsListViewController.swift in Sources */,
				AA8250B42AF9905900AE1A22 /* ExtensionCartasMagicas.swift in Sources */,
				AA82509D2AF988B100AE1A22 /* CartasTrampaTableViewCell.swift in Sources */,
				AA7BA4012B06BAB200DE4A5C /* ExtensionCartasRitual.swift in Sources */,
				AA8250782AF9820300AE1A22 /* CartasMgicasViewController.swift in Sources */,
				AA5C7DF52AF0553600EE4965 /* SceneDelegate.swift in Sources */,
				AA8250AD2AF9890900AE1A22 /* CartasSynchroTableViewCell.swift in Sources */,
				AA8250812AF9860D00AE1A22 /* CartasFusionViewController.swift in Sources */,
				AA8250A92AF988F500AE1A22 /* CartasXYZTableViewCell.swift in Sources */,
				AA5C7E1F2AF0595D00EE4965 /* DetailCardViewController.swift in Sources */,
				AA82507C2AF985E600AE1A22 /* CartasTrampaViewController.swift in Sources */,
				AA5C7E2C2AF083DA00EE4965 /* Cards_WS.swift in Sources */,
				AA5C7E112AF0574000EE4965 /* Card_sets.swift in Sources */,
				AA7B594A2B057C680089C139 /* CartasMounstroEfectoViewController.swift in Sources */,
				AA7BA4042B06BAD300DE4A5C /* CartasLinkViewController.swift in Sources */,
				AA8250B62AF9956400AE1A22 /* ExtensionCartasTrampa.swift in Sources */,
				AA7BA40D2B06BB1200DE4A5C /* ExtensionCartasToken.swift in Sources */,
				AA8250B12AF9891B00AE1A22 /* CartasPenduloTableViewCell.swift in Sources */,
				AA8B56312B06BEE500B522A5 /* CartasTokenTableViewCell.swift in Sources */,
				AA7B594D2B057C7A0089C139 /* ExtensionMounstroEfecto.swift in Sources */,
				AA8250892AF9863C00AE1A22 /* CartasPenduloViewController.swift in Sources */,
				AA8250BA2AF9983300AE1A22 /* ExtensinCartasXYZ.swift in Sources */,
				AAF087B62AF0AB8A001EA0FC /* DataCard.swift in Sources */,
				AA7B59512B057E490089C139 /* CartasMounstroEfectoTableViewCell.swift in Sources */,
				AA5C7E142AF0575C00EE4965 /* CardResponse.swift in Sources */,
				AA7BA3FE2B06BA9400DE4A5C /* CartasRitualViewController.swift in Sources */,
				AA5C7E122AF0574000EE4965 /* Card_images.swift in Sources */,
				AA8250A12AF988C500AE1A22 /* CartasFusionTableViewCell.swift in Sources */,
			);
			runOnlyForDeploymentPostprocessing = 0;
		};
/* End PBXSourcesBuildPhase section */

/* Begin PBXVariantGroup section */
		AA5C7DF82AF0553600EE4965 /* Main.storyboard */ = {
			isa = PBXVariantGroup;
			children = (
				AA5C7DF92AF0553600EE4965 /* Base */,
			);
			name = Main.storyboard;
			sourceTree = "<group>";
		};
		AA5C7DFD2AF0553A00EE4965 /* LaunchScreen.storyboard */ = {
			isa = PBXVariantGroup;
			children = (
				AA5C7DFE2AF0553A00EE4965 /* Base */,
			);
			name = LaunchScreen.storyboard;
			sourceTree = "<group>";
		};
/* End PBXVariantGroup section */

/* Begin XCBuildConfiguration section */
		AA5C7E012AF0553A00EE4965 /* Debug */ = {
			isa = XCBuildConfiguration;
			buildSettings = {
				ALWAYS_SEARCH_USER_PATHS = NO;
				CLANG_ANALYZER_NONNULL = YES;
				CLANG_ANALYZER_NUMBER_OBJECT_CONVERSION = YES_AGGRESSIVE;
				CLANG_CXX_LANGUAGE_STANDARD = "gnu++20";
				CLANG_ENABLE_MODULES = YES;
				CLANG_ENABLE_OBJC_ARC = YES;
				CLANG_ENABLE_OBJC_WEAK = YES;
				CLANG_WARN_BLOCK_CAPTURE_AUTORELEASING = YES;
				CLANG_WARN_BOOL_CONVERSION = YES;
				CLANG_WARN_COMMA = YES;
				CLANG_WARN_CONSTANT_CONVERSION = YES;
				CLANG_WARN_DEPRECATED_OBJC_IMPLEMENTATIONS = YES;
				CLANG_WARN_DIRECT_OBJC_ISA_USAGE = YES_ERROR;
				CLANG_WARN_DOCUMENTATION_COMMENTS = YES;
				CLANG_WARN_EMPTY_BODY = YES;
				CLANG_WARN_ENUM_CONVERSION = YES;
				CLANG_WARN_INFINITE_RECURSION = YES;
				CLANG_WARN_INT_CONVERSION = YES;
				CLANG_WARN_NON_LITERAL_NULL_CONVERSION = YES;
				CLANG_WARN_OBJC_IMPLICIT_RETAIN_SELF = YES;
				CLANG_WARN_OBJC_LITERAL_CONVERSION = YES;
				CLANG_WARN_OBJC_ROOT_CLASS = YES_ERROR;
				CLANG_WARN_QUOTED_INCLUDE_IN_FRAMEWORK_HEADER = YES;
				CLANG_WARN_RANGE_LOOP_ANALYSIS = YES;
				CLANG_WARN_STRICT_PROTOTYPES = YES;
				CLANG_WARN_SUSPICIOUS_MOVE = YES;
				CLANG_WARN_UNGUARDED_AVAILABILITY = YES_AGGRESSIVE;
				CLANG_WARN_UNREACHABLE_CODE = YES;
				CLANG_WARN__DUPLICATE_METHOD_MATCH = YES;
				COPY_PHASE_STRIP = NO;
				DEBUG_INFORMATION_FORMAT = dwarf;
				ENABLE_STRICT_OBJC_MSGSEND = YES;
				ENABLE_TESTABILITY = YES;
				GCC_C_LANGUAGE_STANDARD = gnu11;
				GCC_DYNAMIC_NO_PIC = NO;
				GCC_NO_COMMON_BLOCKS = YES;
				GCC_OPTIMIZATION_LEVEL = 0;
				GCC_PREPROCESSOR_DEFINITIONS = (
					"DEBUG=1",
					"$(inherited)",
				);
				GCC_WARN_64_TO_32_BIT_CONVERSION = YES;
				GCC_WARN_ABOUT_RETURN_TYPE = YES_ERROR;
				GCC_WARN_UNDECLARED_SELECTOR = YES;
				GCC_WARN_UNINITIALIZED_AUTOS = YES_AGGRESSIVE;
				GCC_WARN_UNUSED_FUNCTION = YES;
				GCC_WARN_UNUSED_VARIABLE = YES;
				IPHONEOS_DEPLOYMENT_TARGET = 14.0;
				MTL_ENABLE_DEBUG_INFO = INCLUDE_SOURCE;
				MTL_FAST_MATH = YES;
				ONLY_ACTIVE_ARCH = YES;
				SDKROOT = iphoneos;
				SWIFT_ACTIVE_COMPILATION_CONDITIONS = DEBUG;
				SWIFT_OPTIMIZATION_LEVEL = "-Onone";
			};
			name = Debug;
		};
		AA5C7E022AF0553A00EE4965 /* Release */ = {
			isa = XCBuildConfiguration;
			buildSettings = {
				ALWAYS_SEARCH_USER_PATHS = NO;
				CLANG_ANALYZER_NONNULL = YES;
				CLANG_ANALYZER_NUMBER_OBJECT_CONVERSION = YES_AGGRESSIVE;
				CLANG_CXX_LANGUAGE_STANDARD = "gnu++20";
				CLANG_ENABLE_MODULES = YES;
				CLANG_ENABLE_OBJC_ARC = YES;
				CLANG_ENABLE_OBJC_WEAK = YES;
				CLANG_WARN_BLOCK_CAPTURE_AUTORELEASING = YES;
				CLANG_WARN_BOOL_CONVERSION = YES;
				CLANG_WARN_COMMA = YES;
				CLANG_WARN_CONSTANT_CONVERSION = YES;
				CLANG_WARN_DEPRECATED_OBJC_IMPLEMENTATIONS = YES;
				CLANG_WARN_DIRECT_OBJC_ISA_USAGE = YES_ERROR;
				CLANG_WARN_DOCUMENTATION_COMMENTS = YES;
				CLANG_WARN_EMPTY_BODY = YES;
				CLANG_WARN_ENUM_CONVERSION = YES;
				CLANG_WARN_INFINITE_RECURSION = YES;
				CLANG_WARN_INT_CONVERSION = YES;
				CLANG_WARN_NON_LITERAL_NULL_CONVERSION = YES;
				CLANG_WARN_OBJC_IMPLICIT_RETAIN_SELF = YES;
				CLANG_WARN_OBJC_LITERAL_CONVERSION = YES;
				CLANG_WARN_OBJC_ROOT_CLASS = YES_ERROR;
				CLANG_WARN_QUOTED_INCLUDE_IN_FRAMEWORK_HEADER = YES;
				CLANG_WARN_RANGE_LOOP_ANALYSIS = YES;
				CLANG_WARN_STRICT_PROTOTYPES = YES;
				CLANG_WARN_SUSPICIOUS_MOVE = YES;
				CLANG_WARN_UNGUARDED_AVAILABILITY = YES_AGGRESSIVE;
				CLANG_WARN_UNREACHABLE_CODE = YES;
				CLANG_WARN__DUPLICATE_METHOD_MATCH = YES;
				COPY_PHASE_STRIP = NO;
				DEBUG_INFORMATION_FORMAT = "dwarf-with-dsym";
				ENABLE_NS_ASSERTIONS = NO;
				ENABLE_STRICT_OBJC_MSGSEND = YES;
				GCC_C_LANGUAGE_STANDARD = gnu11;
				GCC_NO_COMMON_BLOCKS = YES;
				GCC_WARN_64_TO_32_BIT_CONVERSION = YES;
				GCC_WARN_ABOUT_RETURN_TYPE = YES_ERROR;
				GCC_WARN_UNDECLARED_SELECTOR = YES;
				GCC_WARN_UNINITIALIZED_AUTOS = YES_AGGRESSIVE;
				GCC_WARN_UNUSED_FUNCTION = YES;
				GCC_WARN_UNUSED_VARIABLE = YES;
				IPHONEOS_DEPLOYMENT_TARGET = 14.0;
				MTL_ENABLE_DEBUG_INFO = NO;
				MTL_FAST_MATH = YES;
				SDKROOT = iphoneos;
				SWIFT_COMPILATION_MODE = wholemodule;
				SWIFT_OPTIMIZATION_LEVEL = "-O";
				VALIDATE_PRODUCT = YES;
			};
			name = Release;
		};
		AA5C7E042AF0553A00EE4965 /* Debug */ = {
			isa = XCBuildConfiguration;
			buildSettings = {
				ASSETCATALOG_COMPILER_APPICON_NAME = AppIcon;
				ASSETCATALOG_COMPILER_GLOBAL_ACCENT_COLOR_NAME = AccentColor;
				CODE_SIGN_STYLE = Automatic;
				CURRENT_PROJECT_VERSION = 1;
				GENERATE_INFOPLIST_FILE = YES;
				INFOPLIST_FILE = CartasYuGiHo/Info.plist;
				INFOPLIST_KEY_UIApplicationSupportsIndirectInputEvents = YES;
				INFOPLIST_KEY_UILaunchStoryboardName = LaunchScreen;
				INFOPLIST_KEY_UIMainStoryboardFile = Main;
				INFOPLIST_KEY_UISupportedInterfaceOrientations_iPad = "UIInterfaceOrientationPortrait UIInterfaceOrientationPortraitUpsideDown UIInterfaceOrientationLandscapeLeft UIInterfaceOrientationLandscapeRight";
				INFOPLIST_KEY_UISupportedInterfaceOrientations_iPhone = "UIInterfaceOrientationPortrait UIInterfaceOrientationLandscapeLeft UIInterfaceOrientationLandscapeRight";
				IPHONEOS_DEPLOYMENT_TARGET = 14.0;
				LD_RUNPATH_SEARCH_PATHS = (
					"$(inherited)",
					"@executable_path/Frameworks",
				);
				MARKETING_VERSION = 1.0;
				PRODUCT_BUNDLE_IDENTIFIER = MA.CartasYuGiHo;
				PRODUCT_NAME = "$(TARGET_NAME)";
				SUPPORTED_PLATFORMS = "iphoneos iphonesimulator";
				SUPPORTS_MACCATALYST = NO;
				SUPPORTS_MAC_DESIGNED_FOR_IPHONE_IPAD = NO;
				SWIFT_EMIT_LOC_STRINGS = YES;
				SWIFT_VERSION = 5.0;
				TARGETED_DEVICE_FAMILY = 1;
			};
			name = Debug;
		};
		AA5C7E052AF0553A00EE4965 /* Release */ = {
			isa = XCBuildConfiguration;
			buildSettings = {
				ASSETCATALOG_COMPILER_APPICON_NAME = AppIcon;
				ASSETCATALOG_COMPILER_GLOBAL_ACCENT_COLOR_NAME = AccentColor;
				CODE_SIGN_STYLE = Automatic;
				CURRENT_PROJECT_VERSION = 1;
				GENERATE_INFOPLIST_FILE = YES;
				INFOPLIST_FILE = CartasYuGiHo/Info.plist;
				INFOPLIST_KEY_UIApplicationSupportsIndirectInputEvents = YES;
				INFOPLIST_KEY_UILaunchStoryboardName = LaunchScreen;
				INFOPLIST_KEY_UIMainStoryboardFile = Main;
				INFOPLIST_KEY_UISupportedInterfaceOrientations_iPad = "UIInterfaceOrientationPortrait UIInterfaceOrientationPortraitUpsideDown UIInterfaceOrientationLandscapeLeft UIInterfaceOrientationLandscapeRight";
				INFOPLIST_KEY_UISupportedInterfaceOrientations_iPhone = "UIInterfaceOrientationPortrait UIInterfaceOrientationLandscapeLeft UIInterfaceOrientationLandscapeRight";
				IPHONEOS_DEPLOYMENT_TARGET = 14.0;
				LD_RUNPATH_SEARCH_PATHS = (
					"$(inherited)",
					"@executable_path/Frameworks",
				);
				MARKETING_VERSION = 1.0;
				PRODUCT_BUNDLE_IDENTIFIER = MA.CartasYuGiHo;
				PRODUCT_NAME = "$(TARGET_NAME)";
				SUPPORTED_PLATFORMS = "iphoneos iphonesimulator";
				SUPPORTS_MACCATALYST = NO;
				SUPPORTS_MAC_DESIGNED_FOR_IPHONE_IPAD = NO;
				SWIFT_EMIT_LOC_STRINGS = YES;
				SWIFT_VERSION = 5.0;
				TARGETED_DEVICE_FAMILY = 1;
			};
			name = Release;
		};
/* End XCBuildConfiguration section */

/* Begin XCConfigurationList section */
		AA5C7DEA2AF0553500EE4965 /* Build configuration list for PBXProject "CartasYuGiHo" */ = {
			isa = XCConfigurationList;
			buildConfigurations = (
				AA5C7E012AF0553A00EE4965 /* Debug */,
				AA5C7E022AF0553A00EE4965 /* Release */,
			);
			defaultConfigurationIsVisible = 0;
			defaultConfigurationName = Release;
		};
		AA5C7E032AF0553A00EE4965 /* Build configuration list for PBXNativeTarget "CartasYuGiHo" */ = {
			isa = XCConfigurationList;
			buildConfigurations = (
				AA5C7E042AF0553A00EE4965 /* Debug */,
				AA5C7E052AF0553A00EE4965 /* Release */,
			);
			defaultConfigurationIsVisible = 0;
			defaultConfigurationName = Release;
		};
/* End XCConfigurationList section */
	};
	rootObject = AA5C7DE72AF0553500EE4965 /* Project object */;
}
